{
  "name": "ajs-new",
  "version": "1.0.0",
  "lockfileVersion": 3,
  "requires": true,
  "packages": {
    "": {
      "name": "ajs-new",
      "version": "1.0.0",
      "license": "ISC",
      "dependencies": {
        "@temo4kin/ajs": "^1.0.0"
      }
    },
    "node_modules/@temo4kin/ajs": {
      "version": "1.0.0",
      "resolved": "https://npm.pkg.github.com/download/@temo4kin/ajs/1.0.0/abb07d61b553d3bc39631969b20111ccef5fc11a",
      "integrity": "sha512-AxOxNJdRNt7TzK+iDGVn1EDWmD12ZyvHWmnsun/ClCJcPrL08VvnY7h2Cp5fCjC0f1sT2GUIZTeGOc/GIfaI4Q==",
      "license": "ISC"
    }
  }
}
